{
  "version": 4,
  "terraform_version": "0.12.28",
  "serial": 88,
  "lineage": "e936a7c8-352a-beb9-08cf-6c578e3dcfe1",
  "outputs": {},
  "resources": [
    {
      "mode": "data",
      "type": "archive_file",
      "name": "lambda_with_dependencies",
      "provider": "provider.archive",
      "instances": [
        {
          "schema_version": 0,
          "attributes": {
            "excludes": null,
            "id": "b8974cd68e95c6f4aafbbd77a7a56e865c55d13c",
            "output_base64sha256": "e49HJ2g5xCSOFgEZsQo+1JBUkZnpnpli0n88dWVWhqQ=",
            "output_md5": "9c5bea71e4f67f50ab523c2ab44ba87d",
            "output_path": "lambda/apigateway-sqs-lambda-dev-lambda.zip",
            "output_sha": "b8974cd68e95c6f4aafbbd77a7a56e865c55d13c",
            "output_size": 904,
            "source": [],
            "source_content": null,
            "source_content_filename": null,
            "source_dir": "lambda/",
            "source_file": null,
            "type": "zip"
          }
        }
      ]
    },
    {
      "mode": "data",
      "type": "template_file",
      "name": "gateway_policy",
      "provider": "provider.template",
      "instances": [
        {
          "schema_version": 0,
          "attributes": {
            "filename": null,
            "id": "da5afe5cdbfa4adc4de553aa6baeb2a3b44c5120623dddadbba08fe41aa7e648",
            "rendered": "{\r\n    \"Version\": \"2012-10-17\",\r\n    \"Statement\": [\r\n      {\r\n        \"Effect\": \"Allow\",\r\n        \"Action\": [\r\n          \"logs:CreateLogGroup\",\r\n          \"logs:CreateLogStream\",\r\n          \"logs:DescribeLogGroups\",\r\n          \"logs:DescribeLogStreams\",\r\n          \"logs:PutLogEvents\",\r\n          \"logs:GetLogEvents\",\r\n          \"logs:FilterLogEvents\"\r\n        ],\r\n        \"Resource\": \"*\"\r\n      },\r\n      {\r\n        \"Effect\": \"Allow\",\r\n        \"Action\": [\r\n          \"sqs:GetQueueUrl\",\r\n          \"sqs:ChangeMessageVisibility\",\r\n          \"sqs:ListDeadLetterSourceQueues\",\r\n          \"sqs:SendMessageBatch\",\r\n          \"sqs:PurgeQueue\",\r\n          \"sqs:ReceiveMessage\",\r\n          \"sqs:SendMessage\",\r\n          \"sqs:GetQueueAttributes\",\r\n          \"sqs:CreateQueue\",\r\n          \"sqs:ListQueueTags\",\r\n          \"sqs:ChangeMessageVisibilityBatch\",\r\n          \"sqs:SetQueueAttributes\"\r\n        ],\r\n        \"Resource\": \"arn:aws:sqs:ap-southeast-1:939464944321:apigateway-queue\"\r\n      },\r\n      {\r\n        \"Effect\": \"Allow\",\r\n        \"Action\": \"sqs:ListQueues\",\r\n        \"Resource\": \"*\"\r\n      }      \r\n    ]\r\n}",
            "template": "{\r\n    \"Version\": \"2012-10-17\",\r\n    \"Statement\": [\r\n      {\r\n        \"Effect\": \"Allow\",\r\n        \"Action\": [\r\n          \"logs:CreateLogGroup\",\r\n          \"logs:CreateLogStream\",\r\n          \"logs:DescribeLogGroups\",\r\n          \"logs:DescribeLogStreams\",\r\n          \"logs:PutLogEvents\",\r\n          \"logs:GetLogEvents\",\r\n          \"logs:FilterLogEvents\"\r\n        ],\r\n        \"Resource\": \"*\"\r\n      },\r\n      {\r\n        \"Effect\": \"Allow\",\r\n        \"Action\": [\r\n          \"sqs:GetQueueUrl\",\r\n          \"sqs:ChangeMessageVisibility\",\r\n          \"sqs:ListDeadLetterSourceQueues\",\r\n          \"sqs:SendMessageBatch\",\r\n          \"sqs:PurgeQueue\",\r\n          \"sqs:ReceiveMessage\",\r\n          \"sqs:SendMessage\",\r\n          \"sqs:GetQueueAttributes\",\r\n          \"sqs:CreateQueue\",\r\n          \"sqs:ListQueueTags\",\r\n          \"sqs:ChangeMessageVisibilityBatch\",\r\n          \"sqs:SetQueueAttributes\"\r\n        ],\r\n        \"Resource\": \"${sqs_arn}\"\r\n      },\r\n      {\r\n        \"Effect\": \"Allow\",\r\n        \"Action\": \"sqs:ListQueues\",\r\n        \"Resource\": \"*\"\r\n      }      \r\n    ]\r\n}",
            "vars": {
              "sqs_arn": "arn:aws:sqs:ap-southeast-1:939464944321:apigateway-queue"
            }
          }
        }
      ]
    },
    {
      "mode": "data",
      "type": "template_file",
      "name": "lambda_policy",
      "provider": "provider.template",
      "instances": [
        {
          "schema_version": 0,
          "attributes": {
            "filename": null,
            "id": "601a0e01f06a84c05439a1de1d3c871138dbf9690e11e1309c7eda3425c50c0a",
            "rendered": "{\r\n    \"Version\": \"2012-10-17\",\r\n    \"Statement\": [\r\n        {\r\n          \"Action\": [\r\n              \"sqs:DeleteMessage\",\r\n              \"sqs:ReceiveMessage\",\r\n              \"sqs:GetQueueAttributes\"\r\n          ],\r\n          \"Resource\": \"arn:aws:sqs:ap-southeast-1:939464944321:apigateway-queue\",\r\n          \"Effect\": \"Allow\"\r\n      },\r\n      {\r\n        \"Action\": [\r\n            \"logs:CreateLogGroup\",\r\n            \"logs:CreateLogStream\",\r\n            \"logs:PutLogEvents\"\r\n        ],\r\n        \"Resource\": \"arn:aws:logs:*:*:*\",\r\n        \"Effect\": \"Allow\"\r\n      }\r\n    ]\r\n  }",
            "template": "{\r\n    \"Version\": \"2012-10-17\",\r\n    \"Statement\": [\r\n        {\r\n          \"Action\": [\r\n              \"sqs:DeleteMessage\",\r\n              \"sqs:ReceiveMessage\",\r\n              \"sqs:GetQueueAttributes\"\r\n          ],\r\n          \"Resource\": \"${sqs_arn}\",\r\n          \"Effect\": \"Allow\"\r\n      },\r\n      {\r\n        \"Action\": [\r\n            \"logs:CreateLogGroup\",\r\n            \"logs:CreateLogStream\",\r\n            \"logs:PutLogEvents\"\r\n        ],\r\n        \"Resource\": \"arn:aws:logs:*:*:*\",\r\n        \"Effect\": \"Allow\"\r\n      }\r\n    ]\r\n  }",
            "vars": {
              "sqs_arn": "arn:aws:sqs:ap-southeast-1:939464944321:apigateway-queue"
            }
          }
        }
      ]
    },
    {
      "mode": "managed",
      "type": "aws_api_gateway_method",
      "name": "method_form_score",
      "provider": "provider.aws",
      "instances": [
        {
          "schema_version": 0,
          "attributes": {
            "api_key_required": false,
            "authorization": "NONE",
            "authorization_scopes": null,
            "authorizer_id": null,
            "http_method": "POST",
            "id": "agm-thu8jwvbe3-7zfido-POST",
            "request_models": null,
            "request_parameters": {
              "method.request.path.proxy": false,
              "method.request.querystring.unity": true
            },
            "request_parameters_in_json": null,
            "request_validator_id": "be8uel",
            "resource_id": "7zfido",
            "rest_api_id": "thu8jwvbe3"
          },
          "private": "bnVsbA==",
          "dependencies": [
            "aws_api_gateway_request_validator.validator_query",
            "aws_api_gateway_resource.form_score",
            "aws_api_gateway_rest_api.apiGateway"
          ]
        }
      ]
    },
    {
      "mode": "managed",
      "type": "aws_api_gateway_request_validator",
      "name": "validator_query",
      "provider": "provider.aws",
      "instances": [
        {
          "schema_version": 0,
          "attributes": {
            "id": "be8uel",
            "name": "queryValidator",
            "rest_api_id": "thu8jwvbe3",
            "validate_request_body": false,
            "validate_request_parameters": true
          },
          "private": "bnVsbA==",
          "dependencies": [
            "aws_api_gateway_rest_api.apiGateway"
          ]
        }
      ]
    },
    {
      "mode": "managed",
      "type": "aws_api_gateway_resource",
      "name": "form_score",
      "provider": "provider.aws",
      "instances": [
        {
          "schema_version": 0,
          "attributes": {
            "id": "7zfido",
            "parent_id": "dm6gz6zwdf",
            "path": "/form-score",
            "path_part": "form-score",
            "rest_api_id": "thu8jwvbe3"
          },
          "private": "bnVsbA==",
          "dependencies": [
            "aws_api_gateway_rest_api.apiGateway"
          ]
        }
      ]
    },
    {
      "mode": "managed",
      "type": "aws_api_gateway_rest_api",
      "name": "apiGateway",
      "provider": "provider.aws",
      "instances": [
        {
          "schema_version": 0,
          "attributes": {
            "api_key_source": "HEADER",
            "arn": "arn:aws:apigateway:ap-southeast-1::/restapis/thu8jwvbe3",
            "binary_media_types": null,
            "body": null,
            "created_date": "2020-09-23T08:46:52Z",
            "description": "POST records to SQS queue",
            "endpoint_configuration": [
              {
                "types": [
                  "EDGE"
                ],
                "vpc_endpoint_ids": []
              }
            ],
            "execution_arn": "arn:aws:execute-api:ap-southeast-1:939464944321:thu8jwvbe3",
            "id": "thu8jwvbe3",
            "minimum_compression_size": -1,
            "name": "api-gateway-SQS",
            "policy": "",
            "root_resource_id": "dm6gz6zwdf",
            "tags": null
          },
          "private": "bnVsbA=="
        }
      ]
    },
    {
      "mode": "managed",
      "type": "aws_iam_policy",
      "name": "api_policy",
      "provider": "provider.aws",
      "instances": [
        {
          "schema_version": 0,
          "attributes": {
            "arn": "arn:aws:iam::939464944321:policy/api-sqs-cloudwatch-policy",
            "description": "",
            "id": "arn:aws:iam::939464944321:policy/api-sqs-cloudwatch-policy",
            "name": "api-sqs-cloudwatch-policy",
            "name_prefix": null,
            "path": "/",
            "policy": "{\r\n    \"Version\": \"2012-10-17\",\r\n    \"Statement\": [\r\n      {\r\n        \"Effect\": \"Allow\",\r\n        \"Action\": [\r\n          \"logs:CreateLogGroup\",\r\n          \"logs:CreateLogStream\",\r\n          \"logs:DescribeLogGroups\",\r\n          \"logs:DescribeLogStreams\",\r\n          \"logs:PutLogEvents\",\r\n          \"logs:GetLogEvents\",\r\n          \"logs:FilterLogEvents\"\r\n        ],\r\n        \"Resource\": \"*\"\r\n      },\r\n      {\r\n        \"Effect\": \"Allow\",\r\n        \"Action\": [\r\n          \"sqs:GetQueueUrl\",\r\n          \"sqs:ChangeMessageVisibility\",\r\n          \"sqs:ListDeadLetterSourceQueues\",\r\n          \"sqs:SendMessageBatch\",\r\n          \"sqs:PurgeQueue\",\r\n          \"sqs:ReceiveMessage\",\r\n          \"sqs:SendMessage\",\r\n          \"sqs:GetQueueAttributes\",\r\n          \"sqs:CreateQueue\",\r\n          \"sqs:ListQueueTags\",\r\n          \"sqs:ChangeMessageVisibilityBatch\",\r\n          \"sqs:SetQueueAttributes\"\r\n        ],\r\n        \"Resource\": \"arn:aws:sqs:ap-southeast-1:939464944321:apigateway-queue\"\r\n      },\r\n      {\r\n        \"Effect\": \"Allow\",\r\n        \"Action\": \"sqs:ListQueues\",\r\n        \"Resource\": \"*\"\r\n      }      \r\n    ]\r\n}"
          },
          "private": "bnVsbA==",
          "dependencies": [
            "aws_sqs_queue.queue"
          ]
        }
      ]
    },
    {
      "mode": "managed",
      "type": "aws_iam_policy",
      "name": "lambda_sqs_policy",
      "provider": "provider.aws",
      "instances": [
        {
          "schema_version": 0,
          "attributes": {
            "arn": "arn:aws:iam::939464944321:policy/lambda_policy_db",
            "description": "IAM policy for lambda Being invoked by SQS",
            "id": "arn:aws:iam::939464944321:policy/lambda_policy_db",
            "name": "lambda_policy_db",
            "name_prefix": null,
            "path": "/",
            "policy": "{\r\n    \"Version\": \"2012-10-17\",\r\n    \"Statement\": [\r\n        {\r\n          \"Action\": [\r\n              \"sqs:DeleteMessage\",\r\n              \"sqs:ReceiveMessage\",\r\n              \"sqs:GetQueueAttributes\"\r\n          ],\r\n          \"Resource\": \"arn:aws:sqs:ap-southeast-1:939464944321:apigateway-queue\",\r\n          \"Effect\": \"Allow\"\r\n      },\r\n      {\r\n        \"Action\": [\r\n            \"logs:CreateLogGroup\",\r\n            \"logs:CreateLogStream\",\r\n            \"logs:PutLogEvents\"\r\n        ],\r\n        \"Resource\": \"arn:aws:logs:*:*:*\",\r\n        \"Effect\": \"Allow\"\r\n      }\r\n    ]\r\n  }"
          },
          "private": "bnVsbA==",
          "dependencies": [
            "aws_sqs_queue.queue"
          ]
        }
      ]
    },
    {
      "mode": "managed",
      "type": "aws_iam_role",
      "name": "apiSQS",
      "provider": "provider.aws",
      "instances": [
        {
          "schema_version": 0,
          "attributes": {
            "arn": "arn:aws:iam::939464944321:role/apigateway_sqs",
            "assume_role_policy": "{\"Version\":\"2012-10-17\",\"Statement\":[{\"Sid\":\"\",\"Effect\":\"Allow\",\"Principal\":{\"Service\":\"apigateway.amazonaws.com\"},\"Action\":\"sts:AssumeRole\"}]}",
            "create_date": "2020-09-23T08:46:53Z",
            "description": "",
            "force_detach_policies": false,
            "id": "apigateway_sqs",
            "max_session_duration": 3600,
            "name": "apigateway_sqs",
            "name_prefix": null,
            "path": "/",
            "permissions_boundary": null,
            "tags": null,
            "unique_id": "AROA5VPDZNLAW4NXLBO4Y"
          },
          "private": "bnVsbA=="
        }
      ]
    },
    {
      "mode": "managed",
      "type": "aws_iam_role",
      "name": "lambda_exec_role",
      "provider": "provider.aws",
      "instances": [
        {
          "schema_version": 0,
          "attributes": {
            "arn": "arn:aws:iam::939464944321:role/apigateway-sqs-lambda-lambda-db",
            "assume_role_policy": "{\"Version\":\"2012-10-17\",\"Statement\":[{\"Sid\":\"\",\"Effect\":\"Allow\",\"Principal\":{\"Service\":\"lambda.amazonaws.com\"},\"Action\":\"sts:AssumeRole\"}]}",
            "create_date": "2020-09-23T08:46:53Z",
            "description": "",
            "force_detach_policies": false,
            "id": "apigateway-sqs-lambda-lambda-db",
            "max_session_duration": 3600,
            "name": "apigateway-sqs-lambda-lambda-db",
            "name_prefix": null,
            "path": "/",
            "permissions_boundary": null,
            "tags": null,
            "unique_id": "AROA5VPDZNLAUYAVVRE44"
          },
          "private": "bnVsbA=="
        }
      ]
    },
    {
      "mode": "managed",
      "type": "aws_iam_role_policy_attachment",
      "name": "api_exec_role",
      "provider": "provider.aws",
      "instances": [
        {
          "schema_version": 0,
          "attributes": {
            "id": "apigateway_sqs-20200923084657232500000002",
            "policy_arn": "arn:aws:iam::939464944321:policy/api-sqs-cloudwatch-policy",
            "role": "apigateway_sqs"
          },
          "private": "bnVsbA==",
          "dependencies": [
            "aws_iam_policy.api_policy",
            "aws_iam_role.apiSQS",
            "aws_sqs_queue.queue"
          ]
        }
      ]
    },
    {
      "mode": "managed",
      "type": "aws_iam_role_policy_attachment",
      "name": "lambda_role_policy",
      "provider": "provider.aws",
      "instances": [
        {
          "schema_version": 0,
          "attributes": {
            "id": "apigateway-sqs-lambda-lambda-db-20200923084657224500000001",
            "policy_arn": "arn:aws:iam::939464944321:policy/lambda_policy_db",
            "role": "apigateway-sqs-lambda-lambda-db"
          },
          "private": "bnVsbA==",
          "dependencies": [
            "aws_iam_policy.lambda_sqs_policy",
            "aws_iam_role.lambda_exec_role",
            "aws_sqs_queue.queue"
          ]
        }
      ]
    },
    {
      "mode": "managed",
      "type": "aws_lambda_event_source_mapping",
      "name": "event_source_mapping",
      "provider": "provider.aws",
      "instances": [
        {
          "schema_version": 0,
          "attributes": {
            "batch_size": 1,
            "bisect_batch_on_function_error": false,
            "destination_config": [],
            "enabled": true,
            "event_source_arn": "arn:aws:sqs:ap-southeast-1:939464944321:apigateway-queue",
            "function_arn": "arn:aws:lambda:ap-southeast-1:939464944321:function:apigateway-sqs-lambda-dev-lambda",
            "function_name": "arn:aws:lambda:ap-southeast-1:939464944321:function:apigateway-sqs-lambda-dev-lambda",
            "id": "41e0a624-9242-4302-8b95-3491883309bf",
            "last_modified": "2020-09-23T08:47:11Z",
            "last_processing_result": "",
            "maximum_batching_window_in_seconds": 0,
            "maximum_record_age_in_seconds": 0,
            "maximum_retry_attempts": 0,
            "parallelization_factor": 0,
            "starting_position": null,
            "starting_position_timestamp": null,
            "state": "Creating",
            "state_transition_reason": "USER_INITIATED",
            "uuid": "41e0a624-9242-4302-8b95-3491883309bf"
          },
          "private": "bnVsbA==",
          "dependencies": [
            "aws_iam_policy.lambda_sqs_policy",
            "aws_iam_role.lambda_exec_role",
            "aws_iam_role_policy_attachment.lambda_role_policy",
            "aws_lambda_function.lambda_sqs",
            "aws_sqs_queue.queue"
          ]
        }
      ]
    },
    {
      "mode": "managed",
      "type": "aws_lambda_function",
      "name": "lambda_sqs",
      "provider": "provider.aws",
      "instances": [
        {
          "schema_version": 0,
          "attributes": {
            "arn": "arn:aws:lambda:ap-southeast-1:939464944321:function:apigateway-sqs-lambda-dev-lambda",
            "dead_letter_config": [],
            "description": "",
            "environment": [],
            "file_system_config": [],
            "filename": "lambda/apigateway-sqs-lambda-dev-lambda.zip",
            "function_name": "apigateway-sqs-lambda-dev-lambda",
            "handler": "handler.lambda_handler",
            "id": "apigateway-sqs-lambda-dev-lambda",
            "invoke_arn": "arn:aws:apigateway:ap-southeast-1:lambda:path/2015-03-31/functions/arn:aws:lambda:ap-southeast-1:939464944321:function:apigateway-sqs-lambda-dev-lambda/invocations",
            "kms_key_arn": "",
            "last_modified": "2020-09-23T08:47:06.000+0000",
            "layers": null,
            "memory_size": 128,
            "publish": false,
            "qualified_arn": "arn:aws:lambda:ap-southeast-1:939464944321:function:apigateway-sqs-lambda-dev-lambda:$LATEST",
            "reserved_concurrent_executions": -1,
            "role": "arn:aws:iam::939464944321:role/apigateway-sqs-lambda-lambda-db",
            "runtime": "python3.7",
            "s3_bucket": null,
            "s3_key": null,
            "s3_object_version": null,
            "source_code_hash": "e49HJ2g5xCSOFgEZsQo+1JBUkZnpnpli0n88dWVWhqQ=",
            "source_code_size": 904,
            "tags": null,
            "timeout": 30,
            "timeouts": null,
            "tracing_config": [
              {
                "mode": "PassThrough"
              }
            ],
            "version": "$LATEST",
            "vpc_config": []
          },
          "private": "eyJlMmJmYjczMC1lY2FhLTExZTYtOGY4OC0zNDM2M2JjN2M0YzAiOnsiY3JlYXRlIjo2MDAwMDAwMDAwMDB9fQ==",
          "dependencies": [
            "aws_iam_policy.lambda_sqs_policy",
            "aws_iam_role.lambda_exec_role",
            "aws_iam_role_policy_attachment.lambda_role_policy",
            "aws_sqs_queue.queue"
          ]
        }
      ]
    },
    {
      "mode": "managed",
      "type": "aws_lambda_permission",
      "name": "allows_sqs_to_trigger_lambda",
      "provider": "provider.aws",
      "instances": [
        {
          "schema_version": 0,
          "attributes": {
            "action": "lambda:InvokeFunction",
            "event_source_token": null,
            "function_name": "apigateway-sqs-lambda-dev-lambda",
            "id": "AllowExecutionFromSQS",
            "principal": "sqs.amazonaws.com",
            "qualifier": "",
            "source_account": null,
            "source_arn": "arn:aws:sqs:ap-southeast-1:939464944321:apigateway-queue",
            "statement_id": "AllowExecutionFromSQS",
            "statement_id_prefix": null
          },
          "private": "bnVsbA==",
          "dependencies": [
            "aws_iam_policy.lambda_sqs_policy",
            "aws_iam_role.lambda_exec_role",
            "aws_iam_role_policy_attachment.lambda_role_policy",
            "aws_lambda_function.lambda_sqs",
            "aws_sqs_queue.queue"
          ]
        }
      ]
    },
    {
      "mode": "managed",
      "type": "aws_sqs_queue",
      "name": "queue",
      "provider": "provider.aws",
      "instances": [
        {
          "schema_version": 0,
          "attributes": {
            "arn": "arn:aws:sqs:ap-southeast-1:939464944321:apigateway-queue",
            "content_based_deduplication": false,
            "delay_seconds": 0,
            "fifo_queue": false,
            "id": "https://sqs.ap-southeast-1.amazonaws.com/939464944321/apigateway-queue",
            "kms_data_key_reuse_period_seconds": 300,
            "kms_master_key_id": "",
            "max_message_size": 262144,
            "message_retention_seconds": 86400,
            "name": "apigateway-queue",
            "name_prefix": null,
            "policy": "",
            "receive_wait_time_seconds": 10,
            "redrive_policy": "",
            "tags": {
              "Product": "apigateway-sqs-lambda-dev"
            },
            "visibility_timeout_seconds": 30
          },
          "private": "bnVsbA=="
        }
      ]
    }
  ]
}
