{
  "version": 4,
  "terraform_version": "0.12.28",
  "serial": 13,
  "lineage": "9c9be496-d1ec-a012-ab05-60aca2ace75b",
  "outputs": {
    "example_public_dns": {
      "value": "ec2-3-1-27-27.ap-southeast-1.compute.amazonaws.com",
      "type": "string"
    }
  },
  "resources": [
    {
      "mode": "managed",
      "type": "aws_instance",
      "name": "example",
      "provider": "provider.aws",
      "instances": [
        {
          "schema_version": 1,
          "attributes": {
            "ami": "ami-010162ac5374d76d3",
            "arn": "arn:aws:ec2:ap-southeast-1:939464944321:instance/i-042209c339bd6cd4d",
            "associate_public_ip_address": true,
            "availability_zone": "ap-southeast-1c",
            "cpu_core_count": 1,
            "cpu_threads_per_core": 1,
            "credit_specification": [
              {
                "cpu_credits": "standard"
              }
            ],
            "disable_api_termination": false,
            "ebs_block_device": [],
            "ebs_optimized": false,
            "ephemeral_block_device": [],
            "get_password_data": false,
            "hibernation": false,
            "host_id": null,
            "iam_instance_profile": "",
            "id": "i-042209c339bd6cd4d",
            "instance_initiated_shutdown_behavior": null,
            "instance_state": "running",
            "instance_type": "t2.micro",
            "ipv6_address_count": 0,
            "ipv6_addresses": [],
            "key_name": "my-key",
            "metadata_options": [
              {
                "http_endpoint": "enabled",
                "http_put_response_hop_limit": 1,
                "http_tokens": "optional"
              }
            ],
            "monitoring": false,
            "network_interface": [],
            "outpost_arn": "",
            "password_data": "",
            "placement_group": "",
            "primary_network_interface_id": "eni-0d081e64f6570dd85",
            "private_dns": "ip-172-31-3-148.ap-southeast-1.compute.internal",
            "private_ip": "172.31.3.148",
            "public_dns": "ec2-3-1-27-27.ap-southeast-1.compute.amazonaws.com",
            "public_ip": "3.1.27.27",
            "root_block_device": [
              {
                "delete_on_termination": true,
                "device_name": "/dev/sda1",
                "encrypted": false,
                "iops": 100,
                "kms_key_id": "",
                "volume_id": "vol-0d05eb2095b870b5e",
                "volume_size": 8,
                "volume_type": "gp2"
              }
            ],
            "secondary_private_ips": [],
            "security_groups": [
              "allow_ssh"
            ],
            "source_dest_check": true,
            "subnet_id": "subnet-80fc71d9",
            "tags": null,
            "tenancy": "default",
            "timeouts": null,
            "user_data": null,
            "user_data_base64": null,
            "volume_tags": {},
            "vpc_security_group_ids": [
              "sg-08553c0e54e9c102a"
            ]
          },
          "private": "eyJlMmJmYjczMC1lY2FhLTExZTYtOGY4OC0zNDM2M2JjN2M0YzAiOnsiY3JlYXRlIjo2MDAwMDAwMDAwMDAsImRlbGV0ZSI6MTIwMDAwMDAwMDAwMCwidXBkYXRlIjo2MDAwMDAwMDAwMDB9LCJzY2hlbWFfdmVyc2lvbiI6IjEifQ==",
          "dependencies": [
            "aws_key_pair.my_key",
            "aws_security_group.allow_ssh"
          ]
        }
      ]
    },
    {
      "mode": "managed",
      "type": "aws_key_pair",
      "name": "my_key",
      "provider": "provider.aws",
      "instances": [
        {
          "schema_version": 1,
          "attributes": {
            "arn": "arn:aws:ec2:ap-southeast-1:939464944321:key-pair/my-key",
            "fingerprint": "1a:1f:29:ea:68:db:66:f3:70:31:0c:5e:68:0a:82:58",
            "id": "my-key",
            "key_name": "my-key",
            "key_name_prefix": null,
            "key_pair_id": "key-02c3cfe3195c51acd",
            "public_key": "ssh-rsa AAAAB3NzaC1yc2EAAAADAQABAAABAQDAtwK66ViiTcikcOn2vPUw3S5+KAM9X9baLgyWCRQryH7TpcQBOQR4NGfv+tApFYvAGQUrZZanac7FlvLQGXKKHT+wwBaJuMR9Y6mRS/Wk4/9r0FTwHJZJZdYqzuSwEyyp6bD1hJ6joIEulwW9Z1Su6Bg2KWlRcgCfeDCPfb8jMbr4Z0YwWxi403pvz6W/JmTbEbjxcQD45SBJbG665TwFW9nkZoZBjzFd4Sb8Y0QmVLH+FRoWtVGKPX+dg2/kGl4QO/bjqyFNaGMwcgeCEuvjCdQlmfljSRcW4+y0vlg2bp7uDxLi7fl87f5xh5VRdC6BE81y1EJOhfxqLPu1aoo9",
            "tags": null
          },
          "private": "eyJzY2hlbWFfdmVyc2lvbiI6IjEifQ=="
        }
      ]
    },
    {
      "mode": "managed",
      "type": "aws_security_group",
      "name": "allow_ssh",
      "provider": "provider.aws",
      "instances": [
        {
          "schema_version": 1,
          "attributes": {
            "arn": "arn:aws:ec2:ap-southeast-1:939464944321:security-group/sg-08553c0e54e9c102a",
            "description": "Managed by Terraform",
            "egress": [],
            "id": "sg-08553c0e54e9c102a",
            "ingress": [
              {
                "cidr_blocks": [
                  "0.0.0.0/0"
                ],
                "description": "",
                "from_port": 22,
                "ipv6_cidr_blocks": [],
                "prefix_list_ids": [],
                "protocol": "tcp",
                "security_groups": [],
                "self": false,
                "to_port": 22
              }
            ],
            "name": "allow_ssh",
            "name_prefix": "",
            "owner_id": "939464944321",
            "revoke_rules_on_delete": false,
            "tags": null,
            "timeouts": null,
            "vpc_id": "vpc-8a40a2ec"
          },
          "private": "eyJlMmJmYjczMC1lY2FhLTExZTYtOGY4OC0zNDM2M2JjN2M0YzAiOnsiY3JlYXRlIjo2MDAwMDAwMDAwMDAsImRlbGV0ZSI6NjAwMDAwMDAwMDAwfSwic2NoZW1hX3ZlcnNpb24iOiIxIn0="
        }
      ]
    }
  ]
}
